// !$*UTF8*$!
{
	archiveVersion = 1;
	classes = {
	};
	objectVersion = 56;
	objects = {

/* Begin PBXBuildFile section */
		67D4ACEF293D7782009770F7 /* AppDelegate.swift in Sources */ = {isa = PBXBuildFile; fileRef = 67D4ACEE293D7782009770F7 /* AppDelegate.swift */; };
		67D4ACF1293D7782009770F7 /* SceneDelegate.swift in Sources */ = {isa = PBXBuildFile; fileRef = 67D4ACF0293D7782009770F7 /* SceneDelegate.swift */; };
		67D4ACF3293D7782009770F7 /* ViewController.swift in Sources */ = {isa = PBXBuildFile; fileRef = 67D4ACF2293D7782009770F7 /* ViewController.swift */; };
		67D4ACF6293D7782009770F7 /* Main.storyboard in Resources */ = {isa = PBXBuildFile; fileRef = 67D4ACF4293D7782009770F7 /* Main.storyboard */; };
		67D4ACF8293D7783009770F7 /* Assets.xcassets in Resources */ = {isa = PBXBuildFile; fileRef = 67D4ACF7293D7783009770F7 /* Assets.xcassets */; };
		67D4ACFB293D7783009770F7 /* LaunchScreen.storyboard in Resources */ = {isa = PBXBuildFile; fileRef = 67D4ACF9293D7783009770F7 /* LaunchScreen.storyboard */; };
		67D4AD1F293DB200009770F7 /* SplashConstrollerViewController.swift in Sources */ = {isa = PBXBuildFile; fileRef = 67D4AD1E293DB200009770F7 /* SplashConstrollerViewController.swift */; };
/* End PBXBuildFile section */

/* Begin PBXContainerItemProxy section */
		67D4AD02293D7783009770F7 /* PBXContainerItemProxy */ = {
			isa = PBXContainerItemProxy;
			containerPortal = 67D4ACE3293D7782009770F7 /* Project object */;
			proxyType = 1;
			remoteGlobalIDString = 67D4ACEA293D7782009770F7;
			remoteInfo = second_sight;
		};
		67D4AD0C293D7783009770F7 /* PBXContainerItemProxy */ = {
			isa = PBXContainerItemProxy;
			containerPortal = 67D4ACE3293D7782009770F7 /* Project object */;
			proxyType = 1;
			remoteGlobalIDString = 67D4ACEA293D7782009770F7;
			remoteInfo = second_sight;
		};
/* End PBXContainerItemProxy section */

/* Begin PBXFileReference section */
		67D4ACEB293D7782009770F7 /* second_sight.app */ = {isa = PBXFileReference; explicitFileType = wrapper.application; includeInIndex = 0; path = second_sight.app; sourceTree = BUILT_PRODUCTS_DIR; };
		67D4ACEE293D7782009770F7 /* AppDelegate.swift */ = {isa = PBXFileReference; lastKnownFileType = sourcecode.swift; path = AppDelegate.swift; sourceTree = "<group>"; };
		67D4ACF0293D7782009770F7 /* SceneDelegate.swift */ = {isa = PBXFileReference; lastKnownFileType = sourcecode.swift; path = SceneDelegate.swift; sourceTree = "<group>"; };
		67D4ACF2293D7782009770F7 /* ViewController.swift */ = {isa = PBXFileReference; lastKnownFileType = sourcecode.swift; path = ViewController.swift; sourceTree = "<group>"; };
		67D4ACF5293D7782009770F7 /* Base */ = {isa = PBXFileReference; lastKnownFileType = file.storyboard; name = Base; path = Base.lproj/Main.storyboard; sourceTree = "<group>"; };
		67D4ACF7293D7783009770F7 /* Assets.xcassets */ = {isa = PBXFileReference; lastKnownFileType = folder.assetcatalog; path = Assets.xcassets; sourceTree = "<group>"; };
		67D4ACFA293D7783009770F7 /* Base */ = {isa = PBXFileReference; lastKnownFileType = file.storyboard; name = Base; path = Base.lproj/LaunchScreen.storyboard; sourceTree = "<group>"; };
		67D4ACFC293D7783009770F7 /* Info.plist */ = {isa = PBXFileReference; lastKnownFileType = text.plist.xml; path = Info.plist; sourceTree = "<group>"; };
		67D4AD01293D7783009770F7 /* second_sightTests.xctest */ = {isa = PBXFileReference; explicitFileType = wrapper.cfbundle; includeInIndex = 0; path = second_sightTests.xctest; sourceTree = BUILT_PRODUCTS_DIR; };
		67D4AD0B293D7783009770F7 /* second_sightUITests.xctest */ = {isa = PBXFileReference; explicitFileType = wrapper.cfbundle; includeInIndex = 0; path = second_sightUITests.xctest; sourceTree = BUILT_PRODUCTS_DIR; };
		67D4AD1E293DB200009770F7 /* SplashConstrollerViewController.swift */ = {isa = PBXFileReference; lastKnownFileType = sourcecode.swift; path = SplashConstrollerViewController.swift; sourceTree = "<group>"; };
/* End PBXFileReference section */

/* Begin PBXFrameworksBuildPhase section */
		67D4ACE8293D7782009770F7 /* Frameworks */ = {
			isa = PBXFrameworksBuildPhase;
			buildActionMask = 2147483647;
			files = (
			);
			runOnlyForDeploymentPostprocessing = 0;
		};
		67D4ACFE293D7783009770F7 /* Frameworks */ = {
			isa = PBXFrameworksBuildPhase;
			buildActionMask = 2147483647;
			files = (
			);
			runOnlyForDeploymentPostprocessing = 0;
		};
		67D4AD08293D7783009770F7 /* Frameworks */ = {
			isa = PBXFrameworksBuildPhase;
			buildActionMask = 2147483647;
			files = (
			);
			runOnlyForDeploymentPostprocessing = 0;
		};
/* End PBXFrameworksBuildPhase section */

/* Begin PBXGroup section */
		67D4ACE2293D7782009770F7 = {
			isa = PBXGroup;
			children = (
				67D4ACED293D7782009770F7 /* second_sight */,
				67D4ACEC293D7782009770F7 /* Products */,
			);
			sourceTree = "<group>";
		};
		67D4ACEC293D7782009770F7 /* Products */ = {
			isa = PBXGroup;
			children = (
				67D4ACEB293D7782009770F7 /* second_sight.app */,
				67D4AD01293D7783009770F7 /* second_sightTests.xctest */,
				67D4AD0B293D7783009770F7 /* second_sightUITests.xctest */,
			);
			name = Products;
			sourceTree = "<group>";
		};
		67D4ACED293D7782009770F7 /* second_sight */ = {
			isa = PBXGroup;
			children = (
				67D4ACEE293D7782009770F7 /* AppDelegate.swift */,
				67D4ACF0293D7782009770F7 /* SceneDelegate.swift */,
				67D4AD1E293DB200009770F7 /* SplashConstrollerViewController.swift */,
				67D4ACF2293D7782009770F7 /* ViewController.swift */,
				67D4ACF4293D7782009770F7 /* Main.storyboard */,
				67D4ACF7293D7783009770F7 /* Assets.xcassets */,
				67D4ACF9293D7783009770F7 /* LaunchScreen.storyboard */,
				67D4ACFC293D7783009770F7 /* Info.plist */,
			);
			path = second_sight;
			sourceTree = "<group>";
		};
/* End PBXGroup section */

/* Begin PBXNativeTarget section */
		67D4ACEA293D7782009770F7 /* second_sight */ = {
			isa = PBXNativeTarget;
			buildConfigurationList = 67D4AD15293D7783009770F7 /* Build configuration list for PBXNativeTarget "second_sight" */;
			buildPhases = (
				67D4ACE7293D7782009770F7 /* Sources */,
				67D4ACE8293D7782009770F7 /* Frameworks */,
				67D4ACE9293D7782009770F7 /* Resources */,
			);
			buildRules = (
			);
			dependencies = (
			);
			name = second_sight;
			productName = second_sight;
			productReference = 67D4ACEB293D7782009770F7 /* second_sight.app */;
			productType = "com.apple.product-type.application";
		};
		67D4AD00293D7783009770F7 /* second_sightTests */ = {
			isa = PBXNativeTarget;
			buildConfigurationList = 67D4AD18293D7783009770F7 /* Build configuration list for PBXNativeTarget "second_sightTests" */;
			buildPhases = (
				67D4ACFD293D7783009770F7 /* Sources */,
				67D4ACFE293D7783009770F7 /* Frameworks */,
				67D4ACFF293D7783009770F7 /* Resources */,
			);
			buildRules = (
			);
			dependencies = (
				67D4AD03293D7783009770F7 /* PBXTargetDependency */,
			);
			name = second_sightTests;
			productName = second_sightTests;
			productReference = 67D4AD01293D7783009770F7 /* second_sightTests.xctest */;
			productType = "com.apple.product-type.bundle.unit-test";
		};
		67D4AD0A293D7783009770F7 /* second_sightUITests */ = {
			isa = PBXNativeTarget;
			buildConfigurationList = 67D4AD1B293D7783009770F7 /* Build configuration list for PBXNativeTarget "second_sightUITests" */;
			buildPhases = (
				67D4AD07293D7783009770F7 /* Sources */,
				67D4AD08293D7783009770F7 /* Frameworks */,
				67D4AD09293D7783009770F7 /* Resources */,
			);
			buildRules = (
			);
			dependencies = (
				67D4AD0D293D7783009770F7 /* PBXTargetDependency */,
			);
			name = second_sightUITests;
			productName = second_sightUITests;
			productReference = 67D4AD0B293D7783009770F7 /* second_sightUITests.xctest */;
			productType = "com.apple.product-type.bundle.ui-testing";
		};
/* End PBXNativeTarget section */

/* Begin PBXProject section */
		67D4ACE3293D7782009770F7 /* Project object */ = {
			isa = PBXProject;
			attributes = {
				BuildIndependentTargetsInParallel = 1;
				LastSwiftUpdateCheck = 1410;
				LastUpgradeCheck = 1410;
				TargetAttributes = {
					67D4ACEA293D7782009770F7 = {
						CreatedOnToolsVersion = 14.1;
					};
					67D4AD00293D7783009770F7 = {
						CreatedOnToolsVersion = 14.1;
						TestTargetID = 67D4ACEA293D7782009770F7;
					};
					67D4AD0A293D7783009770F7 = {
						CreatedOnToolsVersion = 14.1;
						TestTargetID = 67D4ACEA293D7782009770F7;
					};
				};
			};
			buildConfigurationList = 67D4ACE6293D7782009770F7 /* Build configuration list for PBXProject "second_sight" */;
			compatibilityVersion = "Xcode 14.0";
			developmentRegion = en;
			hasScannedForEncodings = 0;
			knownRegions = (
				en,
				Base,
			);
			mainGroup = 67D4ACE2293D7782009770F7;
			productRefGroup = 67D4ACEC293D7782009770F7 /* Products */;
			projectDirPath = "";
			projectRoot = "";
			targets = (
				67D4ACEA293D7782009770F7 /* second_sight */,
				67D4AD00293D7783009770F7 /* second_sightTests */,
				67D4AD0A293D7783009770F7 /* second_sightUITests */,
			);
		};
/* End PBXProject section */

/* Begin PBXResourcesBuildPhase section */
		67D4ACE9293D7782009770F7 /* Resources */ = {
			isa = PBXResourcesBuildPhase;
			buildActionMask = 2147483647;
			files = (
				67D4ACFB293D7783009770F7 /* LaunchScreen.storyboard in Resources */,
				67D4ACF8293D7783009770F7 /* Assets.xcassets in Resources */,
				67D4ACF6293D7782009770F7 /* Main.storyboard in Resources */,
			);
			runOnlyForDeploymentPostprocessing = 0;
		};
		67D4ACFF293D7783009770F7 /* Resources */ = {
			isa = PBXResourcesBuildPhase;
			buildActionMask = 2147483647;
			files = (
			);
			runOnlyForDeploymentPostprocessing = 0;
		};
		67D4AD09293D7783009770F7 /* Resources */ = {
			isa = PBXResourcesBuildPhase;
			buildActionMask = 2147483647;
			files = (
			);
			runOnlyForDeploymentPostprocessing = 0;
		};
/* End PBXResourcesBuildPhase section */

/* Begin PBXSourcesBuildPhase section */
		67D4ACE7293D7782009770F7 /* Sources */ = {
			isa = PBXSourcesBuildPhase;
			buildActionMask = 2147483647;
			files = (
				67D4ACF3293D7782009770F7 /* ViewController.swift in Sources */,
				67D4AD1F293DB200009770F7 /* SplashConstrollerViewController.swift in Sources */,
				67D4ACEF293D7782009770F7 /* AppDelegate.swift in Sources */,
				67D4ACF1293D7782009770F7 /* SceneDelegate.swift in Sources */,
			);
			runOnlyForDeploymentPostprocessing = 0;
		};
		67D4ACFD293D7783009770F7 /* Sources */ = {
			isa = PBXSourcesBuildPhase;
			buildActionMask = 2147483647;
			files = (
			);
			runOnlyForDeploymentPostprocessing = 0;
		};
		67D4AD07293D7783009770F7 /* Sources */ = {
			isa = PBXSourcesBuildPhase;
			buildActionMask = 2147483647;
			files = (
			);
			runOnlyForDeploymentPostprocessing = 0;
		};
/* End PBXSourcesBuildPhase section */

/* Begin PBXTargetDependency section */
		67D4AD03293D7783009770F7 /* PBXTargetDependency */ = {
			isa = PBXTargetDependency;
			target = 67D4ACEA293D7782009770F7 /* second_sight */;
			targetProxy = 67D4AD02293D7783009770F7 /* PBXContainerItemProxy */;
		};
		67D4AD0D293D7783009770F7 /* PBXTargetDependency */ = {
			isa = PBXTargetDependency;
			target = 67D4ACEA293D7782009770F7 /* second_sight */;
			targetProxy = 67D4AD0C293D7783009770F7 /* PBXContainerItemProxy */;
		};
/* End PBXTargetDependency section */

/* Begin PBXVariantGroup section */
		67D4ACF4293D7782009770F7 /* Main.storyboard */ = {
			isa = PBXVariantGroup;
			children = (
				67D4ACF5293D7782009770F7 /* Base */,
			);
			name = Main.storyboard;
			sourceTree = "<group>";
		};
		67D4ACF9293D7783009770F7 /* LaunchScreen.storyboard */ = {
			isa = PBXVariantGroup;
			children = (
				67D4ACFA293D7783009770F7 /* Base */,
			);
			name = LaunchScreen.storyboard;
			sourceTree = "<group>";
		};
/* End PBXVariantGroup section */

/* Begin XCBuildConfiguration section */
		67D4AD13293D7783009770F7 /* Debug */ = {
			isa = XCBuildConfiguration;
			buildSettings = {
				ALWAYS_SEARCH_USER_PATHS = NO;
				CLANG_ANALYZER_NONNULL = YES;
				CLANG_ANALYZER_NUMBER_OBJECT_CONVERSION = YES_AGGRESSIVE;
				CLANG_CXX_LANGUAGE_STANDARD = "gnu++20";
				CLANG_ENABLE_MODULES = YES;
				CLANG_ENABLE_OBJC_ARC = YES;
				CLANG_ENABLE_OBJC_WEAK = YES;
				CLANG_WARN_BLOCK_CAPTURE_AUTORELEASING = YES;
				CLANG_WARN_BOOL_CONVERSION = YES;
				CLANG_WARN_COMMA = YES;
				CLANG_WARN_CONSTANT_CONVERSION = YES;
				CLANG_WARN_DEPRECATED_OBJC_IMPLEMENTATIONS = YES;
				CLANG_WARN_DIRECT_OBJC_ISA_USAGE = YES_ERROR;
				CLANG_WARN_DOCUMENTATION_COMMENTS = YES;
				CLANG_WARN_EMPTY_BODY = YES;
				CLANG_WARN_ENUM_CONVERSION = YES;
				CLANG_WARN_INFINITE_RECURSION = YES;
				CLANG_WARN_INT_CONVERSION = YES;
				CLANG_WARN_NON_LITERAL_NULL_CONVERSION = YES;
				CLANG_WARN_OBJC_IMPLICIT_RETAIN_SELF = YES;
				CLANG_WARN_OBJC_LITERAL_CONVERSION = YES;
				CLANG_WARN_OBJC_ROOT_CLASS = YES_ERROR;
				CLANG_WARN_QUOTED_INCLUDE_IN_FRAMEWORK_HEADER = YES;
				CLANG_WARN_RANGE_LOOP_ANALYSIS = YES;
				CLANG_WARN_STRICT_PROTOTYPES = YES;
				CLANG_WARN_SUSPICIOUS_MOVE = YES;
				CLANG_WARN_UNGUARDED_AVAILABILITY = YES_AGGRESSIVE;
				CLANG_WARN_UNREACHABLE_CODE = YES;
				CLANG_WARN__DUPLICATE_METHOD_MATCH = YES;
				COPY_PHASE_STRIP = NO;
				DEBUG_INFORMATION_FORMAT = dwarf;
				ENABLE_STRICT_OBJC_MSGSEND = YES;
				ENABLE_TESTABILITY = YES;
				GCC_C_LANGUAGE_STANDARD = gnu11;
				GCC_DYNAMIC_NO_PIC = NO;
				GCC_NO_COMMON_BLOCKS = YES;
				GCC_OPTIMIZATION_LEVEL = 0;
				GCC_PREPROCESSOR_DEFINITIONS = (
					"DEBUG=1",
					"$(inherited)",
				);
				GCC_WARN_64_TO_32_BIT_CONVERSION = YES;
				GCC_WARN_ABOUT_RETURN_TYPE = YES_ERROR;
				GCC_WARN_UNDECLARED_SELECTOR = YES;
				GCC_WARN_UNINITIALIZED_AUTOS = YES_AGGRESSIVE;
				GCC_WARN_UNUSED_FUNCTION = YES;
				GCC_WARN_UNUSED_VARIABLE = YES;
				IPHONEOS_DEPLOYMENT_TARGET = 16.1;
				MTL_ENABLE_DEBUG_INFO = INCLUDE_SOURCE;
				MTL_FAST_MATH = YES;
				ONLY_ACTIVE_ARCH = YES;
				SDKROOT = iphoneos;
				SWIFT_ACTIVE_COMPILATION_CONDITIONS = DEBUG;
				SWIFT_OPTIMIZATION_LEVEL = "-Onone";
			};
			name = Debug;
		};
		67D4AD14293D7783009770F7 /* Release */ = {
			isa = XCBuildConfiguration;
			buildSettings = {
				ALWAYS_SEARCH_USER_PATHS = NO;
				CLANG_ANALYZER_NONNULL = YES;
				CLANG_ANALYZER_NUMBER_OBJECT_CONVERSION = YES_AGGRESSIVE;
				CLANG_CXX_LANGUAGE_STANDARD = "gnu++20";
				CLANG_ENABLE_MODULES = YES;
				CLANG_ENABLE_OBJC_ARC = YES;
				CLANG_ENABLE_OBJC_WEAK = YES;
				CLANG_WARN_BLOCK_CAPTURE_AUTORELEASING = YES;
				CLANG_WARN_BOOL_CONVERSION = YES;
				CLANG_WARN_COMMA = YES;
				CLANG_WARN_CONSTANT_CONVERSION = YES;
				CLANG_WARN_DEPRECATED_OBJC_IMPLEMENTATIONS = YES;
				CLANG_WARN_DIRECT_OBJC_ISA_USAGE = YES_ERROR;
				CLANG_WARN_DOCUMENTATION_COMMENTS = YES;
				CLANG_WARN_EMPTY_BODY = YES;
				CLANG_WARN_ENUM_CONVERSION = YES;
				CLANG_WARN_INFINITE_RECURSION = YES;
				CLANG_WARN_INT_CONVERSION = YES;
				CLANG_WARN_NON_LITERAL_NULL_CONVERSION = YES;
				CLANG_WARN_OBJC_IMPLICIT_RETAIN_SELF = YES;
				CLANG_WARN_OBJC_LITERAL_CONVERSION = YES;
				CLANG_WARN_OBJC_ROOT_CLASS = YES_ERROR;
				CLANG_WARN_QUOTED_INCLUDE_IN_FRAMEWORK_HEADER = YES;
				CLANG_WARN_RANGE_LOOP_ANALYSIS = YES;
				CLANG_WARN_STRICT_PROTOTYPES = YES;
				CLANG_WARN_SUSPICIOUS_MOVE = YES;
				CLANG_WARN_UNGUARDED_AVAILABILITY = YES_AGGRESSIVE;
				CLANG_WARN_UNREACHABLE_CODE = YES;
				CLANG_WARN__DUPLICATE_METHOD_MATCH = YES;
				COPY_PHASE_STRIP = NO;
				DEBUG_INFORMATION_FORMAT = "dwarf-with-dsym";
				ENABLE_NS_ASSERTIONS = NO;
				ENABLE_STRICT_OBJC_MSGSEND = YES;
				GCC_C_LANGUAGE_STANDARD = gnu11;
				GCC_NO_COMMON_BLOCKS = YES;
				GCC_WARN_64_TO_32_BIT_CONVERSION = YES;
				GCC_WARN_ABOUT_RETURN_TYPE = YES_ERROR;
				GCC_WARN_UNDECLARED_SELECTOR = YES;
				GCC_WARN_UNINITIALIZED_AUTOS = YES_AGGRESSIVE;
				GCC_WARN_UNUSED_FUNCTION = YES;
				GCC_WARN_UNUSED_VARIABLE = YES;
				IPHONEOS_DEPLOYMENT_TARGET = 16.1;
				MTL_ENABLE_DEBUG_INFO = NO;
				MTL_FAST_MATH = YES;
				SDKROOT = iphoneos;
				SWIFT_COMPILATION_MODE = wholemodule;
				SWIFT_OPTIMIZATION_LEVEL = "-O";
				VALIDATE_PRODUCT = YES;
			};
			name = Release;
		};
		67D4AD16293D7783009770F7 /* Debug */ = {
			isa = XCBuildConfiguration;
			buildSettings = {
				ASSETCATALOG_COMPILER_APPICON_NAME = AppIcon;
				ASSETCATALOG_COMPILER_GLOBAL_ACCENT_COLOR_NAME = AccentColor;
				CODE_SIGN_STYLE = Automatic;
				CURRENT_PROJECT_VERSION = 1;
				DEVELOPMENT_TEAM = T53XQUS34K;
				GENERATE_INFOPLIST_FILE = YES;
				INFOPLIST_FILE = second_sight/Info.plist;
				INFOPLIST_KEY_CFBundleDisplayName = "Second Sight";
				INFOPLIST_KEY_NSCameraUsageDescription = "Please allow access to take a picture.";
				INFOPLIST_KEY_UIApplicationSupportsIndirectInputEvents = YES;
				INFOPLIST_KEY_UILaunchStoryboardName = LaunchScreen.storyboard;
				INFOPLIST_KEY_UIMainStoryboardFile = Main;
				INFOPLIST_KEY_UIRequiresFullScreen = YES;
				INFOPLIST_KEY_UISupportedInterfaceOrientations_iPad = "UIInterfaceOrientationPortrait UIInterfaceOrientationPortraitUpsideDown UIInterfaceOrientationLandscapeLeft UIInterfaceOrientationLandscapeRight";
				INFOPLIST_KEY_UISupportedInterfaceOrientations_iPhone = "UIInterfaceOrientationPortrait UIInterfaceOrientationLandscapeLeft UIInterfaceOrientationLandscapeRight";
				LD_RUNPATH_SEARCH_PATHS = (
					"$(inherited)",
					"@executable_path/Frameworks",
				);
				MARKETING_VERSION = 1.0;
				PRODUCT_BUNDLE_IDENTIFIER = "edu.berkeley.second-sight";
				PRODUCT_NAME = "$(TARGET_NAME)";
				SWIFT_EMIT_LOC_STRINGS = YES;
				SWIFT_VERSION = 5.0;
				TARGETED_DEVICE_FAMILY = "1,2";
			};
			name = Debug;
		};
		67D4AD17293D7783009770F7 /* Release */ = {
			isa = XCBuildConfiguration;
			buildSettings = {
				ASSETCATALOG_COMPILER_APPICON_NAME = AppIcon;
				ASSETCATALOG_COMPILER_GLOBAL_ACCENT_COLOR_NAME = AccentColor;
				CODE_SIGN_STYLE = Automatic;
				CURRENT_PROJECT_VERSION = 1;
				DEVELOPMENT_TEAM = T53XQUS34K;
				GENERATE_INFOPLIST_FILE = YES;
				INFOPLIST_FILE = second_sight/Info.plist;
				INFOPLIST_KEY_CFBundleDisplayName = "Second Sight";
				INFOPLIST_KEY_NSCameraUsageDescription = "Please allow access to take a picture.";
				INFOPLIST_KEY_UIApplicationSupportsIndirectInputEvents = YES;
				INFOPLIST_KEY_UILaunchStoryboardName = LaunchScreen.storyboard;
				INFOPLIST_KEY_UIMainStoryboardFile = Main;
				INFOPLIST_KEY_UIRequiresFullScreen = YES;
				INFOPLIST_KEY_UISupportedInterfaceOrientations_iPad = "UIInterfaceOrientationPortrait UIInterfaceOrientationPortraitUpsideDown UIInterfaceOrientationLandscapeLeft UIInterfaceOrientationLandscapeRight";
				INFOPLIST_KEY_UISupportedInterfaceOrientations_iPhone = "UIInterfaceOrientationPortrait UIInterfaceOrientationLandscapeLeft UIInterfaceOrientationLandscapeRight";
				LD_RUNPATH_SEARCH_PATHS = (
					"$(inherited)",
					"@executable_path/Frameworks",
				);
				MARKETING_VERSION = 1.0;
				PRODUCT_BUNDLE_IDENTIFIER = "edu.berkeley.second-sight";
				PRODUCT_NAME = "$(TARGET_NAME)";
				SWIFT_EMIT_LOC_STRINGS = YES;
				SWIFT_VERSION = 5.0;
				TARGETED_DEVICE_FAMILY = "1,2";
			};
			name = Release;
		};
		67D4AD19293D7783009770F7 /* Debug */ = {
			isa = XCBuildConfiguration;
			buildSettings = {
				ALWAYS_EMBED_SWIFT_STANDARD_LIBRARIES = YES;
				BUNDLE_LOADER = "$(TEST_HOST)";
				CODE_SIGN_STYLE = Automatic;
				CURRENT_PROJECT_VERSION = 1;
				GENERATE_INFOPLIST_FILE = YES;
				IPHONEOS_DEPLOYMENT_TARGET = 16.1;
				MARKETING_VERSION = 1.0;
				PRODUCT_BUNDLE_IDENTIFIER = "edu.berkeley.second-sightTests";
				PRODUCT_NAME = "$(TARGET_NAME)";
				SWIFT_EMIT_LOC_STRINGS = NO;
				SWIFT_VERSION = 5.0;
				TARGETED_DEVICE_FAMILY = "1,2";
				TEST_HOST = "$(BUILT_PRODUCTS_DIR)/second_sight.app/$(BUNDLE_EXECUTABLE_FOLDER_PATH)/second_sight";
			};
			name = Debug;
		};
		67D4AD1A293D7783009770F7 /* Release */ = {
			isa = XCBuildConfiguration;
			buildSettings = {
				ALWAYS_EMBED_SWIFT_STANDARD_LIBRARIES = YES;
				BUNDLE_LOADER = "$(TEST_HOST)";
				CODE_SIGN_STYLE = Automatic;
				CURRENT_PROJECT_VERSION = 1;
				GENERATE_INFOPLIST_FILE = YES;
				IPHONEOS_DEPLOYMENT_TARGET = 16.1;
				MARKETING_VERSION = 1.0;
				PRODUCT_BUNDLE_IDENTIFIER = "edu.berkeley.second-sightTests";
				PRODUCT_NAME = "$(TARGET_NAME)";
				SWIFT_EMIT_LOC_STRINGS = NO;
				SWIFT_VERSION = 5.0;
				TARGETED_DEVICE_FAMILY = "1,2";
				TEST_HOST = "$(BUILT_PRODUCTS_DIR)/second_sight.app/$(BUNDLE_EXECUTABLE_FOLDER_PATH)/second_sight";
			};
			name = Release;
		};
		67D4AD1C293D7783009770F7 /* Debug */ = {
			isa = XCBuildConfiguration;
			buildSettings = {
				ALWAYS_EMBED_SWIFT_STANDARD_LIBRARIES = YES;
				CODE_SIGN_STYLE = Automatic;
				CURRENT_PROJECT_VERSION = 1;
				GENERATE_INFOPLIST_FILE = YES;
				MARKETING_VERSION = 1.0;
				PRODUCT_BUNDLE_IDENTIFIER = "edu.berkeley.second-sightUITests";
				PRODUCT_NAME = "$(TARGET_NAME)";
				SWIFT_EMIT_LOC_STRINGS = NO;
				SWIFT_VERSION = 5.0;
				TARGETED_DEVICE_FAMILY = "1,2";
				TEST_TARGET_NAME = second_sight;
			};
			name = Debug;
		};
		67D4AD1D293D7783009770F7 /* Release */ = {
			isa = XCBuildConfiguration;
			buildSettings = {
				ALWAYS_EMBED_SWIFT_STANDARD_LIBRARIES = YES;
				CODE_SIGN_STYLE = Automatic;
				CURRENT_PROJECT_VERSION = 1;
				GENERATE_INFOPLIST_FILE = YES;
				MARKETING_VERSION = 1.0;
				PRODUCT_BUNDLE_IDENTIFIER = "edu.berkeley.second-sightUITests";
				PRODUCT_NAME = "$(TARGET_NAME)";
				SWIFT_EMIT_LOC_STRINGS = NO;
				SWIFT_VERSION = 5.0;
				TARGETED_DEVICE_FAMILY = "1,2";
				TEST_TARGET_NAME = second_sight;
			};
			name = Release;
		};
/* End XCBuildConfiguration section */

/* Begin XCConfigurationList section */
		67D4ACE6293D7782009770F7 /* Build configuration list for PBXProject "second_sight" */ = {
			isa = XCConfigurationList;
			buildConfigurations = (
				67D4AD13293D7783009770F7 /* Debug */,
				67D4AD14293D7783009770F7 /* Release */,
			);
			defaultConfigurationIsVisible = 0;
			defaultConfigurationName = Release;
		};
		67D4AD15293D7783009770F7 /* Build configuration list for PBXNativeTarget "second_sight" */ = {
			isa = XCConfigurationList;
			buildConfigurations = (
				67D4AD16293D7783009770F7 /* Debug */,
				67D4AD17293D7783009770F7 /* Release */,
			);
			defaultConfigurationIsVisible = 0;
			defaultConfigurationName = Release;
		};
		67D4AD18293D7783009770F7 /* Build configuration list for PBXNativeTarget "second_sightTests" */ = {
			isa = XCConfigurationList;
			buildConfigurations = (
				67D4AD19293D7783009770F7 /* Debug */,
				67D4AD1A293D7783009770F7 /* Release */,
			);
			defaultConfigurationIsVisible = 0;
			defaultConfigurationName = Release;
		};
		67D4AD1B293D7783009770F7 /* Build configuration list for PBXNativeTarget "second_sightUITests" */ = {
			isa = XCConfigurationList;
			buildConfigurations = (
				67D4AD1C293D7783009770F7 /* Debug */,
				67D4AD1D293D7783009770F7 /* Release */,
			);
			defaultConfigurationIsVisible = 0;
			defaultConfigurationName = Release;
		};
/* End XCConfigurationList section */
	};
	rootObject = 67D4ACE3293D7782009770F7 /* Project object */;
}
